
Microsoft Visual Studio Solution File, Format Version 12.00
# Visual Studio Version 16
VisualStudioVersion = 16.0.31702.278
MinimumVisualStudioVersion = 10.0.40219.1
Project("{FAE04EC0-301F-11D3-BF4B-00C04F79EFBC}") = "ClassLibrary1", "ClassLibrary1.csproj", "{B6EB276B-66FA-44B1-BA4E-2AE85A234D24}"
EndProject
Global
	GlobalSection(SolutionConfigurationPlatforms) = preSolution
		Debug|Any CPU = Debug|Any CPU
		Release|Any CPU = Release|Any CPU
	EndGlobalSection
	GlobalSection(ProjectConfigurationPlatforms) = postSolution
		{B6EB276B-66FA-44B1-BA4E-2AE85A234D24}.Debug|Any CPU.ActiveCfg = Debug|Any CPU
		{B6EB276B-66FA-44B1-BA4E-2AE85A234D24}.Debug|Any CPU.Build.0 = Debug|Any CPU
		{B6EB276B-66FA-44B1-BA4E-2AE85A234D24}.Release|Any CPU.ActiveCfg = Release|Any CPU
		{B6EB276B-66FA-44B1-BA4E-2AE85A234D24}.Release|Any CPU.Build.0 = Release|Any CPU
	EndGlobalSection
	GlobalSection(SolutionProperties) = preSolution
		HideSolutionNode = FALSE
	EndGlobalSection
	GlobalSection(ExtensibilityGlobals) = postSolution
		SolutionGuid = {8EC83159-9080-4D54-9798-F663B7CB3203}
	EndGlobalSection
EndGlobal
